// !$*UTF8*$!
{
	archiveVersion = 1;
	classes = {
	};
	objectVersion = 77;
	objects = {

/* Begin PBXBuildFile section */
		F91999F52EBBA7BF005B95C8 /* yolov8n.mlpackage in Resources */ = {isa = PBXBuildFile; fileRef = F91999F22EBBA58F005B95C8 /* yolov8n.mlpackage */; };
		F9199A062EBF04B4005B95C8 /* best.mlpackage in Sources */ = {isa = PBXBuildFile; fileRef = F9199A052EBF04B4005B95C8 /* best.mlpackage */; };
		F97186EF2DE7052900E9A9EF /* CoreMotion.framework in Frameworks */ = {isa = PBXBuildFile; fileRef = F97186EE2DE7052900E9A9EF /* CoreMotion.framework */; };
		F97187002DE710E600E9A9EF /* WatchConnectivity.framework in Frameworks */ = {isa = PBXBuildFile; fileRef = F97186FF2DE710E600E9A9EF /* WatchConnectivity.framework */; };
		F97187022DE710EE00E9A9EF /* WatchConnectivity.framework in Frameworks */ = {isa = PBXBuildFile; fileRef = F97187012DE710EE00E9A9EF /* WatchConnectivity.framework */; };
		F97F45752DE55EFF001166C6 /* TennisServeAnalyzer Watch App.app in Embed Watch Content */ = {isa = PBXBuildFile; fileRef = F97F45742DE55EFF001166C6 /* TennisServeAnalyzer Watch App.app */; settings = {ATTRIBUTES = (RemoveHeadersOnCopy, ); }; };
		F97F458A2DE55F4C001166C6 /* CoreMotion.framework in Frameworks */ = {isa = PBXBuildFile; fileRef = F97F45892DE55F4C001166C6 /* CoreMotion.framework */; };
/* End PBXBuildFile section */

/* Begin PBXContainerItemProxy section */
		F97F45762DE55EFF001166C6 /* PBXContainerItemProxy */ = {
			isa = PBXContainerItemProxy;
			containerPortal = F97F455F2DE55EFE001166C6 /* Project object */;
			proxyType = 1;
			remoteGlobalIDString = F97F45732DE55EFF001166C6;
			remoteInfo = "TennisServeAnalyzer Watch App";
		};
/* End PBXContainerItemProxy section */

/* Begin PBXCopyFilesBuildPhase section */
		F97F45842DE55F00001166C6 /* Embed Watch Content */ = {
			isa = PBXCopyFilesBuildPhase;
			buildActionMask = 2147483647;
			dstPath = "$(CONTENTS_FOLDER_PATH)/Watch";
			dstSubfolderSpec = 16;
			files = (
				F97F45752DE55EFF001166C6 /* TennisServeAnalyzer Watch App.app in Embed Watch Content */,
			);
			name = "Embed Watch Content";
			runOnlyForDeploymentPostprocessing = 0;
		};
/* End PBXCopyFilesBuildPhase section */

/* Begin PBXFileReference section */
		F91999F22EBBA58F005B95C8 /* yolov8n.mlpackage */ = {isa = PBXFileReference; lastKnownFileType = folder.mlpackage; path = yolov8n.mlpackage; sourceTree = "<group>"; };
		F9199A052EBF04B4005B95C8 /* best.mlpackage */ = {isa = PBXFileReference; lastKnownFileType = folder.mlpackage; path = best.mlpackage; sourceTree = "<group>"; };
		F97186EE2DE7052900E9A9EF /* CoreMotion.framework */ = {isa = PBXFileReference; lastKnownFileType = wrapper.framework; name = CoreMotion.framework; path = Platforms/WatchOS.platform/Developer/SDKs/WatchOS11.4.sdk/System/Library/Frameworks/CoreMotion.framework; sourceTree = DEVELOPER_DIR; };
		F97186FF2DE710E600E9A9EF /* WatchConnectivity.framework */ = {isa = PBXFileReference; lastKnownFileType = wrapper.framework; name = WatchConnectivity.framework; path = Platforms/iPhoneOS.platform/Developer/SDKs/iPhoneOS18.4.sdk/System/Library/Frameworks/WatchConnectivity.framework; sourceTree = DEVELOPER_DIR; };
		F97187012DE710EE00E9A9EF /* WatchConnectivity.framework */ = {isa = PBXFileReference; lastKnownFileType = wrapper.framework; name = WatchConnectivity.framework; path = Platforms/WatchOS.platform/Developer/SDKs/WatchOS11.4.sdk/System/Library/Frameworks/WatchConnectivity.framework; sourceTree = DEVELOPER_DIR; };
		F97F45672DE55EFE001166C6 /* TennisServeAnalyzer.app */ = {isa = PBXFileReference; explicitFileType = wrapper.application; includeInIndex = 0; path = TennisServeAnalyzer.app; sourceTree = BUILT_PRODUCTS_DIR; };
		F97F45742DE55EFF001166C6 /* TennisServeAnalyzer Watch App.app */ = {isa = PBXFileReference; explicitFileType = wrapper.application; includeInIndex = 0; path = "TennisServeAnalyzer Watch App.app"; sourceTree = BUILT_PRODUCTS_DIR; };
		F97F45892DE55F4C001166C6 /* CoreMotion.framework */ = {isa = PBXFileReference; lastKnownFileType = wrapper.framework; name = CoreMotion.framework; path = Platforms/iPhoneOS.platform/Developer/SDKs/iPhoneOS18.4.sdk/System/Library/Frameworks/CoreMotion.framework; sourceTree = DEVELOPER_DIR; };
/* End PBXFileReference section */

/* Begin PBXFileSystemSynchronizedBuildFileExceptionSet section */
		F949E20C2EA8D9A300ED434E /* Exceptions for "Shared" folder in "TennisServeAnalyzer Watch App" target */ = {
			isa = PBXFileSystemSynchronizedBuildFileExceptionSet;
			membershipExceptions = (
				ServeDataModel.swift,
				SyncCoordinator.swift,
			);
			target = F97F45732DE55EFF001166C6 /* TennisServeAnalyzer Watch App */;
		};
/* End PBXFileSystemSynchronizedBuildFileExceptionSet section */

/* Begin PBXFileSystemSynchronizedRootGroup section */
		F949E2072EA8D31100ED434E /* Shared */ = {
			isa = PBXFileSystemSynchronizedRootGroup;
			exceptions = (
				F949E20C2EA8D9A300ED434E /* Exceptions for "Shared" folder in "TennisServeAnalyzer Watch App" target */,
			);
			path = Shared;
			sourceTree = "<group>";
		};
		F97F45692DE55EFE001166C6 /* TennisServeAnalyzer */ = {
			isa = PBXFileSystemSynchronizedRootGroup;
			path = TennisServeAnalyzer;
			sourceTree = "<group>";
		};
		F97F45782DE55EFF001166C6 /* TennisServeAnalyzer Watch App */ = {
			isa = PBXFileSystemSynchronizedRootGroup;
			path = "TennisServeAnalyzer Watch App";
			sourceTree = "<group>";
		};
/* End PBXFileSystemSynchronizedRootGroup section */

/* Begin PBXFrameworksBuildPhase section */
		F97F45642DE55EFE001166C6 /* Frameworks */ = {
			isa = PBXFrameworksBuildPhase;
			buildActionMask = 2147483647;
			files = (
				F97187002DE710E600E9A9EF /* WatchConnectivity.framework in Frameworks */,
				F97F458A2DE55F4C001166C6 /* CoreMotion.framework in Frameworks */,
			);
			runOnlyForDeploymentPostprocessing = 0;
		};
		F97F45712DE55EFF001166C6 /* Frameworks */ = {
			isa = PBXFrameworksBuildPhase;
			buildActionMask = 2147483647;
			files = (
				F97187022DE710EE00E9A9EF /* WatchConnectivity.framework in Frameworks */,
				F97186EF2DE7052900E9A9EF /* CoreMotion.framework in Frameworks */,
			);
			runOnlyForDeploymentPostprocessing = 0;
		};
/* End PBXFrameworksBuildPhase section */

/* Begin PBXGroup section */
		F91999EC2EBB5FFA005B95C8 /* ML Models */ = {
			isa = PBXGroup;
			children = (
				F91999F22EBBA58F005B95C8 /* yolov8n.mlpackage */,
				F9199A052EBF04B4005B95C8 /* best.mlpackage */,
			);
			path = "ML Models";
			sourceTree = "<group>";
		};
		F97F455E2DE55EFE001166C6 = {
			isa = PBXGroup;
			children = (
				F91999EC2EBB5FFA005B95C8 /* ML Models */,
				F949E2072EA8D31100ED434E /* Shared */,
				F97F45692DE55EFE001166C6 /* TennisServeAnalyzer */,
				F97F45782DE55EFF001166C6 /* TennisServeAnalyzer Watch App */,
				F97F45882DE55F4B001166C6 /* Frameworks */,
				F97F45682DE55EFE001166C6 /* Products */,
			);
			sourceTree = "<group>";
		};
		F97F45682DE55EFE001166C6 /* Products */ = {
			isa = PBXGroup;
			children = (
				F97F45672DE55EFE001166C6 /* TennisServeAnalyzer.app */,
				F97F45742DE55EFF001166C6 /* TennisServeAnalyzer Watch App.app */,
			);
			name = Products;
			sourceTree = "<group>";
		};
		F97F45882DE55F4B001166C6 /* Frameworks */ = {
			isa = PBXGroup;
			children = (
				F97186FF2DE710E600E9A9EF /* WatchConnectivity.framework */,
				F97187012DE710EE00E9A9EF /* WatchConnectivity.framework */,
				F97186EE2DE7052900E9A9EF /* CoreMotion.framework */,
				F97F45892DE55F4C001166C6 /* CoreMotion.framework */,
			);
			name = Frameworks;
			sourceTree = "<group>";
		};
/* End PBXGroup section */

/* Begin PBXNativeTarget section */
		F97F45662DE55EFE001166C6 /* TennisServeAnalyzer */ = {
			isa = PBXNativeTarget;
			buildConfigurationList = F97F45852DE55F00001166C6 /* Build configuration list for PBXNativeTarget "TennisServeAnalyzer" */;
			buildPhases = (
				F97F45632DE55EFE001166C6 /* Sources */,
				F97F45642DE55EFE001166C6 /* Frameworks */,
				F97F45652DE55EFE001166C6 /* Resources */,
				F97F45842DE55F00001166C6 /* Embed Watch Content */,
			);
			buildRules = (
			);
			dependencies = (
				F97F45772DE55EFF001166C6 /* PBXTargetDependency */,
			);
			fileSystemSynchronizedGroups = (
				F949E2072EA8D31100ED434E /* Shared */,
				F97F45692DE55EFE001166C6 /* TennisServeAnalyzer */,
			);
			name = TennisServeAnalyzer;
			packageProductDependencies = (
			);
			productName = TennisServeAnalyzer;
			productReference = F97F45672DE55EFE001166C6 /* TennisServeAnalyzer.app */;
			productType = "com.apple.product-type.application";
		};
		F97F45732DE55EFF001166C6 /* TennisServeAnalyzer Watch App */ = {
			isa = PBXNativeTarget;
			buildConfigurationList = F97F45812DE55F00001166C6 /* Build configuration list for PBXNativeTarget "TennisServeAnalyzer Watch App" */;
			buildPhases = (
				F97F45702DE55EFF001166C6 /* Sources */,
				F97F45712DE55EFF001166C6 /* Frameworks */,
				F97F45722DE55EFF001166C6 /* Resources */,
			);
			buildRules = (
			);
			dependencies = (
			);
			fileSystemSynchronizedGroups = (
				F97F45782DE55EFF001166C6 /* TennisServeAnalyzer Watch App */,
			);
			name = "TennisServeAnalyzer Watch App";
			packageProductDependencies = (
			);
			productName = "TennisServeAnalyzer Watch App";
			productReference = F97F45742DE55EFF001166C6 /* TennisServeAnalyzer Watch App.app */;
			productType = "com.apple.product-type.application";
		};
/* End PBXNativeTarget section */

/* Begin PBXProject section */
		F97F455F2DE55EFE001166C6 /* Project object */ = {
			isa = PBXProject;
			attributes = {
				BuildIndependentTargetsInParallel = 1;
				LastSwiftUpdateCheck = 1630;
				LastUpgradeCheck = 1630;
				TargetAttributes = {
					F97F45662DE55EFE001166C6 = {
						CreatedOnToolsVersion = 16.3;
					};
					F97F45732DE55EFF001166C6 = {
						CreatedOnToolsVersion = 16.3;
					};
				};
			};
			buildConfigurationList = F97F45622DE55EFE001166C6 /* Build configuration list for PBXProject "TennisServeAnalyzer" */;
			developmentRegion = en;
			hasScannedForEncodings = 0;
			knownRegions = (
				en,
				Base,
			);
			mainGroup = F97F455E2DE55EFE001166C6;
			minimizedProjectReferenceProxies = 1;
			preferredProjectObjectVersion = 77;
			productRefGroup = F97F45682DE55EFE001166C6 /* Products */;
			projectDirPath = "";
			projectRoot = "";
			targets = (
				F97F45662DE55EFE001166C6 /* TennisServeAnalyzer */,
				F97F45732DE55EFF001166C6 /* TennisServeAnalyzer Watch App */,
			);
		};
/* End PBXProject section */

/* Begin PBXResourcesBuildPhase section */
		F97F45652DE55EFE001166C6 /* Resources */ = {
			isa = PBXResourcesBuildPhase;
			buildActionMask = 2147483647;
			files = (
				F91999F52EBBA7BF005B95C8 /* yolov8n.mlpackage in Resources */,
			);
			runOnlyForDeploymentPostprocessing = 0;
		};
		F97F45722DE55EFF001166C6 /* Resources */ = {
			isa = PBXResourcesBuildPhase;
			buildActionMask = 2147483647;
			files = (
			);
			runOnlyForDeploymentPostprocessing = 0;
		};
/* End PBXResourcesBuildPhase section */

/* Begin PBXSourcesBuildPhase section */
		F97F45632DE55EFE001166C6 /* Sources */ = {
			isa = PBXSourcesBuildPhase;
			buildActionMask = 2147483647;
			files = (
				F9199A062EBF04B4005B95C8 /* best.mlpackage in Sources */,
			);
			runOnlyForDeploymentPostprocessing = 0;
		};
		F97F45702DE55EFF001166C6 /* Sources */ = {
			isa = PBXSourcesBuildPhase;
			buildActionMask = 2147483647;
			files = (
			);
			runOnlyForDeploymentPostprocessing = 0;
		};
/* End PBXSourcesBuildPhase section */

/* Begin PBXTargetDependency section */
		F97F45772DE55EFF001166C6 /* PBXTargetDependency */ = {
			isa = PBXTargetDependency;
			target = F97F45732DE55EFF001166C6 /* TennisServeAnalyzer Watch App */;
			targetProxy = F97F45762DE55EFF001166C6 /* PBXContainerItemProxy */;
		};
/* End PBXTargetDependency section */

/* Begin XCBuildConfiguration section */
		F97F457F2DE55F00001166C6 /* Debug */ = {
			isa = XCBuildConfiguration;
			buildSettings = {
				ALWAYS_SEARCH_USER_PATHS = NO;
				ASSETCATALOG_COMPILER_GENERATE_SWIFT_ASSET_SYMBOL_EXTENSIONS = YES;
				CLANG_ANALYZER_NONNULL = YES;
				CLANG_ANALYZER_NUMBER_OBJECT_CONVERSION = YES_AGGRESSIVE;
				CLANG_CXX_LANGUAGE_STANDARD = "gnu++20";
				CLANG_ENABLE_MODULES = YES;
				CLANG_ENABLE_OBJC_ARC = YES;
				CLANG_ENABLE_OBJC_WEAK = YES;
				CLANG_WARN_BLOCK_CAPTURE_AUTORELEASING = YES;
				CLANG_WARN_BOOL_CONVERSION = YES;
				CLANG_WARN_COMMA = YES;
				CLANG_WARN_CONSTANT_CONVERSION = YES;
				CLANG_WARN_DEPRECATED_OBJC_IMPLEMENTATIONS = YES;
				CLANG_WARN_DIRECT_OBJC_ISA_USAGE = YES_ERROR;
				CLANG_WARN_DOCUMENTATION_COMMENTS = YES;
				CLANG_WARN_EMPTY_BODY = YES;
				CLANG_WARN_ENUM_CONVERSION = YES;
				CLANG_WARN_INFINITE_RECURSION = YES;
				CLANG_WARN_INT_CONVERSION = YES;
				CLANG_WARN_NON_LITERAL_NULL_CONVERSION = YES;
				CLANG_WARN_OBJC_IMPLICIT_RETAIN_SELF = YES;
				CLANG_WARN_OBJC_LITERAL_CONVERSION = YES;
				CLANG_WARN_OBJC_ROOT_CLASS = YES_ERROR;
				CLANG_WARN_QUOTED_INCLUDE_IN_FRAMEWORK_HEADER = YES;
				CLANG_WARN_RANGE_LOOP_ANALYSIS = YES;
				CLANG_WARN_STRICT_PROTOTYPES = YES;
				CLANG_WARN_SUSPICIOUS_MOVE = YES;
				CLANG_WARN_UNGUARDED_AVAILABILITY = YES_AGGRESSIVE;
				CLANG_WARN_UNREACHABLE_CODE = YES;
				CLANG_WARN__DUPLICATE_METHOD_MATCH = YES;
				COPY_PHASE_STRIP = NO;
				DEBUG_INFORMATION_FORMAT = dwarf;
				ENABLE_STRICT_OBJC_MSGSEND = YES;
				ENABLE_TESTABILITY = YES;
				ENABLE_USER_SCRIPT_SANDBOXING = YES;
				GCC_C_LANGUAGE_STANDARD = gnu17;
				GCC_DYNAMIC_NO_PIC = NO;
				GCC_NO_COMMON_BLOCKS = YES;
				GCC_OPTIMIZATION_LEVEL = 0;
				GCC_PREPROCESSOR_DEFINITIONS = (
					"DEBUG=1",
					"$(inherited)",
				);
				GCC_WARN_64_TO_32_BIT_CONVERSION = YES;
				GCC_WARN_ABOUT_RETURN_TYPE = YES_ERROR;
				GCC_WARN_UNDECLARED_SELECTOR = YES;
				GCC_WARN_UNINITIALIZED_AUTOS = YES_AGGRESSIVE;
				GCC_WARN_UNUSED_FUNCTION = YES;
				GCC_WARN_UNUSED_VARIABLE = YES;
				LOCALIZATION_PREFERS_STRING_CATALOGS = YES;
				MTL_ENABLE_DEBUG_INFO = INCLUDE_SOURCE;
				MTL_FAST_MATH = YES;
				ONLY_ACTIVE_ARCH = YES;
				SWIFT_ACTIVE_COMPILATION_CONDITIONS = "DEBUG $(inherited)";
				SWIFT_OPTIMIZATION_LEVEL = "-Onone";
			};
			name = Debug;
		};
		F97F45802DE55F00001166C6 /* Release */ = {
			isa = XCBuildConfiguration;
			buildSettings = {
				ALWAYS_SEARCH_USER_PATHS = NO;
				ASSETCATALOG_COMPILER_GENERATE_SWIFT_ASSET_SYMBOL_EXTENSIONS = YES;
				CLANG_ANALYZER_NONNULL = YES;
				CLANG_ANALYZER_NUMBER_OBJECT_CONVERSION = YES_AGGRESSIVE;
				CLANG_CXX_LANGUAGE_STANDARD = "gnu++20";
				CLANG_ENABLE_MODULES = YES;
				CLANG_ENABLE_OBJC_ARC = YES;
				CLANG_ENABLE_OBJC_WEAK = YES;
				CLANG_WARN_BLOCK_CAPTURE_AUTORELEASING = YES;
				CLANG_WARN_BOOL_CONVERSION = YES;
				CLANG_WARN_COMMA = YES;
				CLANG_WARN_CONSTANT_CONVERSION = YES;
				CLANG_WARN_DEPRECATED_OBJC_IMPLEMENTATIONS = YES;
				CLANG_WARN_DIRECT_OBJC_ISA_USAGE = YES_ERROR;
				CLANG_WARN_DOCUMENTATION_COMMENTS = YES;
				CLANG_WARN_EMPTY_BODY = YES;
				CLANG_WARN_ENUM_CONVERSION = YES;
				CLANG_WARN_INFINITE_RECURSION = YES;
				CLANG_WARN_INT_CONVERSION = YES;
				CLANG_WARN_NON_LITERAL_NULL_CONVERSION = YES;
				CLANG_WARN_OBJC_IMPLICIT_RETAIN_SELF = YES;
				CLANG_WARN_OBJC_LITERAL_CONVERSION = YES;
				CLANG_WARN_OBJC_ROOT_CLASS = YES_ERROR;
				CLANG_WARN_QUOTED_INCLUDE_IN_FRAMEWORK_HEADER = YES;
				CLANG_WARN_RANGE_LOOP_ANALYSIS = YES;
				CLANG_WARN_STRICT_PROTOTYPES = YES;
				CLANG_WARN_SUSPICIOUS_MOVE = YES;
				CLANG_WARN_UNGUARDED_AVAILABILITY = YES_AGGRESSIVE;
				CLANG_WARN_UNREACHABLE_CODE = YES;
				CLANG_WARN__DUPLICATE_METHOD_MATCH = YES;
				COPY_PHASE_STRIP = NO;
				DEBUG_INFORMATION_FORMAT = "dwarf-with-dsym";
				ENABLE_NS_ASSERTIONS = NO;
				ENABLE_STRICT_OBJC_MSGSEND = YES;
				ENABLE_USER_SCRIPT_SANDBOXING = YES;
				GCC_C_LANGUAGE_STANDARD = gnu17;
				GCC_NO_COMMON_BLOCKS = YES;
				GCC_WARN_64_TO_32_BIT_CONVERSION = YES;
				GCC_WARN_ABOUT_RETURN_TYPE = YES_ERROR;
				GCC_WARN_UNDECLARED_SELECTOR = YES;
				GCC_WARN_UNINITIALIZED_AUTOS = YES_AGGRESSIVE;
				GCC_WARN_UNUSED_FUNCTION = YES;
				GCC_WARN_UNUSED_VARIABLE = YES;
				LOCALIZATION_PREFERS_STRING_CATALOGS = YES;
				MTL_ENABLE_DEBUG_INFO = NO;
				MTL_FAST_MATH = YES;
				SWIFT_COMPILATION_MODE = wholemodule;
			};
			name = Release;
		};
		F97F45822DE55F00001166C6 /* Debug */ = {
			isa = XCBuildConfiguration;
			buildSettings = {
				ASSETCATALOG_COMPILER_APPICON_NAME = AppIcon;
				ASSETCATALOG_COMPILER_GLOBAL_ACCENT_COLOR_NAME = AccentColor;
				CODE_SIGN_STYLE = Automatic;
				CURRENT_PROJECT_VERSION = 1;
				DEVELOPMENT_TEAM = 8WBSW3R9U9;
				ENABLE_PREVIEWS = YES;
				GENERATE_INFOPLIST_FILE = YES;
				INFOPLIST_KEY_CFBundleDisplayName = TennisServeAnalyzer;
				INFOPLIST_KEY_NSMicrophoneUsageDescription = "打球音解析のためマイクを使用します";
				INFOPLIST_KEY_NSMotionUsageDescription = "This app uses motion sensors to analyze tennis serve movements";
				INFOPLIST_KEY_UISupportedInterfaceOrientations = "UIInterfaceOrientationPortrait UIInterfaceOrientationPortraitUpsideDown";
				INFOPLIST_KEY_WKCompanionAppBundleIdentifier = com.tatsuki.tennisserve.ios;
				LD_RUNPATH_SEARCH_PATHS = (
					"$(inherited)",
					"@executable_path/Frameworks",
				);
				MARKETING_VERSION = 1.0;
				PRODUCT_BUNDLE_IDENTIFIER = com.tatsuki.tennisserve.ios.watchkitapp;
				PRODUCT_NAME = "$(TARGET_NAME)";
				SDKROOT = watchos;
				SKIP_INSTALL = YES;
				SWIFT_EMIT_LOC_STRINGS = YES;
				SWIFT_VERSION = 5.0;
				TARGETED_DEVICE_FAMILY = 4;
				WATCHOS_DEPLOYMENT_TARGET = 11.4;
			};
			name = Debug;
		};
		F97F45832DE55F00001166C6 /* Release */ = {
			isa = XCBuildConfiguration;
			buildSettings = {
				ASSETCATALOG_COMPILER_APPICON_NAME = AppIcon;
				ASSETCATALOG_COMPILER_GLOBAL_ACCENT_COLOR_NAME = AccentColor;
				CODE_SIGN_STYLE = Automatic;
				CURRENT_PROJECT_VERSION = 1;
				DEVELOPMENT_TEAM = 8WBSW3R9U9;
				ENABLE_PREVIEWS = YES;
				GENERATE_INFOPLIST_FILE = YES;
				INFOPLIST_KEY_CFBundleDisplayName = TennisServeAnalyzer;
				INFOPLIST_KEY_NSMicrophoneUsageDescription = "打球音解析のためマイクを使用します";
				INFOPLIST_KEY_NSMotionUsageDescription = "This app uses motion sensors to analyze tennis serve movements";
				INFOPLIST_KEY_UISupportedInterfaceOrientations = "UIInterfaceOrientationPortrait UIInterfaceOrientationPortraitUpsideDown";
				INFOPLIST_KEY_WKCompanionAppBundleIdentifier = com.tatsuki.tennisserve.ios;
				LD_RUNPATH_SEARCH_PATHS = (
					"$(inherited)",
					"@executable_path/Frameworks",
				);
				MARKETING_VERSION = 1.0;
				PRODUCT_BUNDLE_IDENTIFIER = com.tatsuki.tennisserve.ios.watchkitapp;
				PRODUCT_NAME = "$(TARGET_NAME)";
				SDKROOT = watchos;
				SKIP_INSTALL = YES;
				SWIFT_EMIT_LOC_STRINGS = YES;
				SWIFT_VERSION = 5.0;
				TARGETED_DEVICE_FAMILY = 4;
				VALIDATE_PRODUCT = YES;
				WATCHOS_DEPLOYMENT_TARGET = 11.4;
			};
			name = Release;
		};
		F97F45862DE55F00001166C6 /* Debug */ = {
			isa = XCBuildConfiguration;
			buildSettings = {
				ASSETCATALOG_COMPILER_APPICON_NAME = AppIcon;
				ASSETCATALOG_COMPILER_GLOBAL_ACCENT_COLOR_NAME = AccentColor;
				CODE_SIGN_STYLE = Automatic;
				CURRENT_PROJECT_VERSION = 1;
				DEVELOPMENT_TEAM = 8WBSW3R9U9;
				ENABLE_PREVIEWS = YES;
				GENERATE_INFOPLIST_FILE = YES;
				INFOPLIST_KEY_CFBundleDisplayName = TennisServeAnalyzer;
				INFOPLIST_KEY_NSCameraUsageDescription = "テニスサーブの解析にカメラを使用します";
				INFOPLIST_KEY_NSMicrophoneUsageDescription = "同期のため軽打音の検出に使用します";
				INFOPLIST_KEY_UIApplicationSceneManifest_Generation = YES;
				INFOPLIST_KEY_UIApplicationSupportsIndirectInputEvents = YES;
				INFOPLIST_KEY_UILaunchScreen_Generation = YES;
				INFOPLIST_KEY_UISupportedInterfaceOrientations_iPad = "UIInterfaceOrientationPortrait UIInterfaceOrientationPortraitUpsideDown UIInterfaceOrientationLandscapeLeft UIInterfaceOrientationLandscapeRight";
				INFOPLIST_KEY_UISupportedInterfaceOrientations_iPhone = "UIInterfaceOrientationPortrait UIInterfaceOrientationLandscapeLeft UIInterfaceOrientationLandscapeRight";
				IPHONEOS_DEPLOYMENT_TARGET = 18.4;
				LD_RUNPATH_SEARCH_PATHS = (
					"$(inherited)",
					"@executable_path/Frameworks",
				);
				MARKETING_VERSION = 1.0;
				PRODUCT_BUNDLE_IDENTIFIER = com.tatsuki.tennisserve.ios;
				PRODUCT_NAME = "$(TARGET_NAME)";
				SDKROOT = iphoneos;
				SWIFT_EMIT_LOC_STRINGS = YES;
				SWIFT_VERSION = 5.0;
				TARGETED_DEVICE_FAMILY = "1,2";
			};
			name = Debug;
		};
		F97F45872DE55F00001166C6 /* Release */ = {
			isa = XCBuildConfiguration;
			buildSettings = {
				ASSETCATALOG_COMPILER_APPICON_NAME = AppIcon;
				ASSETCATALOG_COMPILER_GLOBAL_ACCENT_COLOR_NAME = AccentColor;
				CODE_SIGN_STYLE = Automatic;
				CURRENT_PROJECT_VERSION = 1;
				DEVELOPMENT_TEAM = 8WBSW3R9U9;
				ENABLE_PREVIEWS = YES;
				GENERATE_INFOPLIST_FILE = YES;
				INFOPLIST_KEY_CFBundleDisplayName = TennisServeAnalyzer;
				INFOPLIST_KEY_NSCameraUsageDescription = "テニスサーブの解析にカメラを使用します";
				INFOPLIST_KEY_NSMicrophoneUsageDescription = "同期のため軽打音の検出に使用します";
				INFOPLIST_KEY_UIApplicationSceneManifest_Generation = YES;
				INFOPLIST_KEY_UIApplicationSupportsIndirectInputEvents = YES;
				INFOPLIST_KEY_UILaunchScreen_Generation = YES;
				INFOPLIST_KEY_UISupportedInterfaceOrientations_iPad = "UIInterfaceOrientationPortrait UIInterfaceOrientationPortraitUpsideDown UIInterfaceOrientationLandscapeLeft UIInterfaceOrientationLandscapeRight";
				INFOPLIST_KEY_UISupportedInterfaceOrientations_iPhone = "UIInterfaceOrientationPortrait UIInterfaceOrientationLandscapeLeft UIInterfaceOrientationLandscapeRight";
				IPHONEOS_DEPLOYMENT_TARGET = 18.4;
				LD_RUNPATH_SEARCH_PATHS = (
					"$(inherited)",
					"@executable_path/Frameworks",
				);
				MARKETING_VERSION = 1.0;
				PRODUCT_BUNDLE_IDENTIFIER = com.tatsuki.tennisserve.ios;
				PRODUCT_NAME = "$(TARGET_NAME)";
				SDKROOT = iphoneos;
				SWIFT_EMIT_LOC_STRINGS = YES;
				SWIFT_VERSION = 5.0;
				TARGETED_DEVICE_FAMILY = "1,2";
				VALIDATE_PRODUCT = YES;
			};
			name = Release;
		};
/* End XCBuildConfiguration section */

/* Begin XCConfigurationList section */
		F97F45622DE55EFE001166C6 /* Build configuration list for PBXProject "TennisServeAnalyzer" */ = {
			isa = XCConfigurationList;
			buildConfigurations = (
				F97F457F2DE55F00001166C6 /* Debug */,
				F97F45802DE55F00001166C6 /* Release */,
			);
			defaultConfigurationIsVisible = 0;
			defaultConfigurationName = Release;
		};
		F97F45812DE55F00001166C6 /* Build configuration list for PBXNativeTarget "TennisServeAnalyzer Watch App" */ = {
			isa = XCConfigurationList;
			buildConfigurations = (
				F97F45822DE55F00001166C6 /* Debug */,
				F97F45832DE55F00001166C6 /* Release */,
			);
			defaultConfigurationIsVisible = 0;
			defaultConfigurationName = Release;
		};
		F97F45852DE55F00001166C6 /* Build configuration list for PBXNativeTarget "TennisServeAnalyzer" */ = {
			isa = XCConfigurationList;
			buildConfigurations = (
				F97F45862DE55F00001166C6 /* Debug */,
				F97F45872DE55F00001166C6 /* Release */,
			);
			defaultConfigurationIsVisible = 0;
			defaultConfigurationName = Release;
		};
/* End XCConfigurationList section */
	};
	rootObject = F97F455F2DE55EFE001166C6 /* Project object */;
}
